
Microsoft Visual Studio Solution File, Format Version 12.00
# Visual Studio Version 17
VisualStudioVersion = 17.0.32112.339
MinimumVisualStudioVersion = 10.0.40219.1
Project("{8BC9CEB8-8B4A-11D0-8D11-00A0C91BC942}") = "BOJ_19944", "BOJ_19944.vcxproj", "{55F95F9E-A549-4156-A342-CCB4B7B7EA51}"
EndProject
Global
	GlobalSection(SolutionConfigurationPlatforms) = preSolution
		Debug|x64 = Debug|x64
		Release|x64 = Release|x64
	EndGlobalSection
	GlobalSection(ProjectConfigurationPlatforms) = postSolution
		{55F95F9E-A549-4156-A342-CCB4B7B7EA51}.Debug|x64.ActiveCfg = Debug|x64
		{55F95F9E-A549-4156-A342-CCB4B7B7EA51}.Debug|x64.Build.0 = Debug|x64
		{55F95F9E-A549-4156-A342-CCB4B7B7EA51}.Release|x64.ActiveCfg = Release|x64
		{55F95F9E-A549-4156-A342-CCB4B7B7EA51}.Release|x64.Build.0 = Release|x64
	EndGlobalSection
	GlobalSection(SolutionProperties) = preSolution
		HideSolutionNode = FALSE
	EndGlobalSection
	GlobalSection(ExtensibilityGlobals) = postSolution
		SolutionGuid = {B85F57EB-ED76-48B9-8901-3530E33BC7E0}
	EndGlobalSection
EndGlobal
